
Microsoft Visual Studio Solution File, Format Version 12.00
# Visual Studio Version 17
VisualStudioVersion = 17.14.36408.4
MinimumVisualStudioVersion = 10.0.40219.1
Project("{FAE04EC0-301F-11D3-BF4B-00C04F79EFBC}") = "PoprunsBlazorPages", "PoprunsBlazorPages\PoprunsBlazorPages.csproj", "{F28B4963-D684-43CF-89BE-11284A5A6A77}"
EndProject
Project("{FAE04EC0-301F-11D3-BF4B-00C04F79EFBC}") = "PoprunsBlazorPages.Testing", "PoprunsBlazorPages.Testing\PoprunsBlazorPages.Testing.csproj", "{16E7C7A9-277F-4CCF-90F0-6F722E5F5945}"
EndProject
Global
	GlobalSection(SolutionConfigurationPlatforms) = preSolution
		Debug|Any CPU = Debug|Any CPU
		Release|Any CPU = Release|Any CPU
	EndGlobalSection
	GlobalSection(ProjectConfigurationPlatforms) = postSolution
		{F28B4963-D684-43CF-89BE-11284A5A6A77}.Debug|Any CPU.ActiveCfg = Debug|Any CPU
		{F28B4963-D684-43CF-89BE-11284A5A6A77}.Debug|Any CPU.Build.0 = Debug|Any CPU
		{F28B4963-D684-43CF-89BE-11284A5A6A77}.Release|Any CPU.ActiveCfg = Release|Any CPU
		{F28B4963-D684-43CF-89BE-11284A5A6A77}.Release|Any CPU.Build.0 = Release|Any CPU
		{16E7C7A9-277F-4CCF-90F0-6F722E5F5945}.Debug|Any CPU.ActiveCfg = Debug|Any CPU
		{16E7C7A9-277F-4CCF-90F0-6F722E5F5945}.Debug|Any CPU.Build.0 = Debug|Any CPU
		{16E7C7A9-277F-4CCF-90F0-6F722E5F5945}.Release|Any CPU.ActiveCfg = Release|Any CPU
		{16E7C7A9-277F-4CCF-90F0-6F722E5F5945}.Release|Any CPU.Build.0 = Release|Any CPU
	EndGlobalSection
	GlobalSection(SolutionProperties) = preSolution
		HideSolutionNode = FALSE
	EndGlobalSection
	GlobalSection(ExtensibilityGlobals) = postSolution
		SolutionGuid = {E8C3C7F8-6C34-48CF-8969-BB8E6D00F289}
	EndGlobalSection
EndGlobal
